// !$*UTF8*$!
{
	archiveVersion = 1;
	classes = {
	};
	objectVersion = 46;
	objects = {

/* Begin PBXGroup section */
		BD83E01819E1B7A200FFFE7A = {
			isa = PBXGroup;
			children = (
			);
			sourceTree = "<group>";
		};
/* End PBXGroup section */

/* Begin PBXProject section */
		BD83E01919E1B7A200FFFE7A /* Project object */ = {
			isa = PBXProject;
			attributes = {
				LastUpgradeCheck = 0600;
			};
			buildConfigurationList = BD83E01C19E1B7A200FFFE7A /* Build configuration list for PBXProject "HYPNorwegianSSN" */;
			compatibilityVersion = "Xcode 3.2";
			developmentRegion = English;
			hasScannedForEncodings = 0;
			knownRegions = (
				en,
			);
			mainGroup = BD83E01819E1B7A200FFFE7A;
			projectDirPath = "";
			projectRoot = "";
			targets = (
			);
		};
/* End PBXProject section */

/* Begin XCBuildConfiguration section */
		BD83E01D19E1B7A200FFFE7A /* Debug */ = {
			isa = XCBuildConfiguration;
			buildSettings = {
			};
			name = Debug;
		};
		BD83E01E19E1B7A200FFFE7A /* Release */ = {
			isa = XCBuildConfiguration;
			buildSettings = {
			};
			name = Release;
		};
/* End XCBuildConfiguration section */

/* Begin XCConfigurationList section */
		BD83E01C19E1B7A200FFFE7A /* Build configuration list for PBXProject "HYPNorwegianSSN" */ = {
			isa = XCConfigurationList;
			buildConfigurations = (
				BD83E01D19E1B7A200FFFE7A /* Debug */,
				BD83E01E19E1B7A200FFFE7A /* Release */,
			);
			defaultConfigurationIsVisible = 0;
			defaultConfigurationName = Release;
		};
/* End XCConfigurationList section */
	};
	rootObject = BD83E01919E1B7A200FFFE7A /* Project object */;
}
